version = 1
revision = 3
requires-python = ">=3.13"

[[package]]
name = "comtypes"
version = "1.4.15"
source = { registry = "https://pypi.org/simple" }
sdist = { url = "https://files.pythonhosted.org/packages/08/a2/2db93b226887c9a9a354cb39269507213e171fca5be32aeef21b47f14aeb/comtypes-1.4.15.tar.gz", hash = "sha256:c72b9968a4e920087183a364c5a13b174e02b11c302cdd92690d14c95ac1b312", size = 241406, upload-time = "2026-01-19T23:45:46.035Z" }
wheels = [
    { url = "https://files.pythonhosted.org/packages/03/2f/ca9029d5da14b5a3a103d6061149a4a94a54ab848f56c7d2809dbb36f48c/comtypes-1.4.15-py3-none-any.whl", hash = "sha256:cda90486de8762ec57d7ce04e68721920911f3f03415cb29afdf7609c427c7e3", size = 274650, upload-time = "2026-01-19T23:45:44.34Z" },
]

[[package]]
name = "iemode-dl-test"
version = "0.1.0"
source = { virtual = "." }
dependencies = [
    { name = "comtypes" },
]

[package.metadata]
requires-dist = [{ name = "comtypes", specifier = ">=1.4.15" }]
